# THIS IS AN AUTOGENERATED FILE. DO NOT EDIT THIS FILE DIRECTLY.
# yarn lockfile v1


ansi-regex@^5.0.1:
  version "5.0.1"
  resolved "https://registry.yarnpkg.com/ansi-regex/-/ansi-regex-5.0.1.tgz#082cb2c89c9fe8659a311a53bd6a4dc5301db304"
  integrity sha512-quJQXlTSUGL2LH9SUXo8VwsY4soanhgo6LNSm84E1LBcE8s3O0wpdiRzyR9z/ZZJMlMWv37qOOb9pdJlMUEKFQ==

ansi-styles@^4.0.0:
  version "4.3.0"
  resolved "https://registry.yarnpkg.com/ansi-styles/-/ansi-styles-4.3.0.tgz#edd803628ae71c04c85ae7a0906edad34b648937"
  integrity sha512-zbB9rCJAT1rbjiVDb2hqKFHNYLxgtk8NURxZ3IZwD3F6NtxbXZQCnnSi1Lkx+IDohdPlFp222wVALIheZJQSEg==
  dependencies:
    color-convert "^2.0.1"

cliui@^7.0.2:
  version "7.0.4"
  resolved "https://registry.yarnpkg.com/cliui/-/cliui-7.0.4.tgz#a0265ee655476fc807aea9df3df8df7783808b4f"
  integrity sha512-OcRE68cOsVMXp1Yvonl/fzkQOyjLSu/8bhPDfQt0e0/Eb283TKP20Fs2MqoPsr9SwA595rRCA+QMzYc9nBP+JQ==
  dependencies:
    string-width "^4.2.0"
    strip-ansi "^6.0.0"
    wrap-ansi "^7.0.0"

color-convert@^2.0.1:
  version "2.0.1"
  resolved "https://registry.yarnpkg.com/color-convert/-/color-convert-2.0.1.tgz#72d3a68d598c9bdb3af2ad1e84f21d896abd4de3"
  integrity sha512-RRECPsj7iu/xb5oKYcsFHSppFNnsj/52OVTRKb4zP5onXwVF3zVmmToNcOfGC+CRDpfK/U584fMg38ZHCaElKQ==
  dependencies:
    color-name "~1.1.4"

color-name@~1.1.4:
  version "1.1.4"
  resolved "https://registry.yarnpkg.com/color-name/-/color-name-1.1.4.tgz#c2a09a87acbde69543de6f63fa3995c826c536a2"
  integrity sha512-dOy+3AuW3a2wNbZHIuMZpTcgjGuLU/uBL/ubcZF9OXbDo8ff4O8yVp5Bf0efS8uEoYo5q4Fx7dY9OgQGXgAsQA==

cross-spawn@^7.0.3:
  version "7.0.3"
  resolved "https://registry.yarnpkg.com/cross-spawn/-/cross-spawn-7.0.3.tgz#f73a85b9d5d41d045551c177e2882d4ac85728a6"
  integrity sha512-iRDPJKUPVEND7dHPO8rkbOnPpyDygcDFtWjpeWNCgy8WP2rXcxXL8TskReQl6OrB2G7+UJrags1q15Fudc7G6w==
  dependencies:
    path-key "^3.1.0"
    shebang-command "^2.0.0"
    which "^2.0.1"

emoji-regex@^8.0.0:
  version "8.0.0"
  resolved "https://registry.yarnpkg.com/emoji-regex/-/emoji-regex-8.0.0.tgz#e818fd69ce5ccfcb404594f842963bf53164cc37"
  integrity sha512-MSjYzcWNOA0ewAHpz0MxpYFvwg6yjy1NG3xteoqz644VCo/RPgnr1/GGt+ic3iJTzQ8Eu3TdM14SawnVUmGE6A==

esbuild-android-arm64@0.13.8:
  version "0.13.8"
  resolved "https://registry.yarnpkg.com/esbuild-android-arm64/-/esbuild-android-arm64-0.13.8.tgz#c20e875c3c98164b1ffba9b28637bdf96f5e9e7c"
  integrity sha512-AilbChndywpk7CdKkNSZ9klxl+9MboLctXd9LwLo3b0dawmOF/i/t2U5d8LM6SbT1Xw36F8yngSUPrd8yPs2RA==

esbuild-darwin-64@0.13.8:
  version "0.13.8"
  resolved "https://registry.yarnpkg.com/esbuild-darwin-64/-/esbuild-darwin-64-0.13.8.tgz#f46e6b471ddbf62265234808a6a1aa91df18a417"
  integrity sha512-b6sdiT84zV5LVaoF+UoMVGJzR/iE2vNUfUDfFQGrm4LBwM/PWXweKpuu6RD9mcyCq18cLxkP6w/LD/w9DtX3ng==

esbuild-darwin-arm64@0.13.8:
  version "0.13.8"
  resolved "https://registry.yarnpkg.com/esbuild-darwin-arm64/-/esbuild-darwin-arm64-0.13.8.tgz#a991157a6013facd4f2e14159b7da52626c90154"
  integrity sha512-R8YuPiiJayuJJRUBG4H0VwkEKo6AvhJs2m7Tl0JaIer3u1FHHXwGhMxjJDmK+kXwTFPriSysPvcobXC/UrrZCQ==

esbuild-freebsd-64@0.13.8:
  version "0.13.8"
  resolved "https://registry.yarnpkg.com/esbuild-freebsd-64/-/esbuild-freebsd-64-0.13.8.tgz#301601d2e443ad458960e359b402a17d9500be9d"
  integrity sha512-zBn6urrn8FnKC+YSgDxdof9jhPCeU8kR/qaamlV4gI8R3KUaUK162WYM7UyFVAlj9N0MyD3AtB+hltzu4cysTw==

esbuild-freebsd-arm64@0.13.8:
  version "0.13.8"
  resolved "https://registry.yarnpkg.com/esbuild-freebsd-arm64/-/esbuild-freebsd-arm64-0.13.8.tgz#039a63acc12ec0892006c147ea221e55f9125a9f"
  integrity sha512-pWW2slN7lGlkx0MOEBoUGwRX5UgSCLq3dy2c8RIOpiHtA87xAUpDBvZK10MykbT+aMfXc0NI2lu1X+6kI34xng==

esbuild-linux-32@0.13.8:
  version "0.13.8"
  resolved "https://registry.yarnpkg.com/esbuild-linux-32/-/esbuild-linux-32-0.13.8.tgz#c537b67d7e694b60bfa2786581412838c6ba0284"
  integrity sha512-T0I0ueeKVO/Is0CAeSEOG9s2jeNNb8jrrMwG9QBIm3UU18MRB60ERgkS2uV3fZ1vP2F8i3Z2e3Zju4lg9dhVmw==

esbuild-linux-64@0.13.8:
  version "0.13.8"
  resolved "https://registry.yarnpkg.com/esbuild-linux-64/-/esbuild-linux-64-0.13.8.tgz#0092fc8a064001a777bfa0e3b425bb8be8f96e6a"
  integrity sha512-Bm8SYmFtvfDCIu9sjKppFXzRXn2BVpuCinU1ChTuMtdKI/7aPpXIrkqBNOgPTOQO9AylJJc1Zw6EvtKORhn64w==

esbuild-linux-arm64@0.13.8:
  version "0.13.8"
  resolved "https://registry.yarnpkg.com/esbuild-linux-arm64/-/esbuild-linux-arm64-0.13.8.tgz#5cd3f2bb924212971482e8dbc25c4afd09b28110"
  integrity sha512-X4pWZ+SL+FJ09chWFgRNO3F+YtvAQRcWh0uxKqZSWKiWodAB20flsW/OWFYLXBKiVCTeoGMvENZS/GeVac7+tQ==

esbuild-linux-arm@0.13.8:
  version "0.13.8"
  resolved "https://registry.yarnpkg.com/esbuild-linux-arm/-/esbuild-linux-arm-0.13.8.tgz#ad634f96bf2975536907aeb9fdb75a3194f4ddce"
  integrity sha512-4/HfcC40LJ4GPyboHA+db0jpFarTB628D1ifU+/5bunIgY+t6mHkJWyxWxAAE8wl/ZIuRYB9RJFdYpu1AXGPdg==

esbuild-linux-mips64le@0.13.8:
  version "0.13.8"
  resolved "https://registry.yarnpkg.com/esbuild-linux-mips64le/-/esbuild-linux-mips64le-0.13.8.tgz#57857edfebf9bf65766dc8be1637f2179c990572"
  integrity sha512-o7e0D+sqHKT31v+mwFircJFjwSKVd2nbkHEn4l9xQ1hLR+Bv8rnt3HqlblY3+sBdlrOTGSwz0ReROlKUMJyldA==

esbuild-linux-ppc64le@0.13.8:
  version "0.13.8"
  resolved "https://registry.yarnpkg.com/esbuild-linux-ppc64le/-/esbuild-linux-ppc64le-0.13.8.tgz#fdb82a059a5b86bb10fb42091b4ebcf488b9cd46"
  integrity sha512-eZSQ0ERsWkukJp2px/UWJHVNuy0lMoz/HZcRWAbB6reoaBw7S9vMzYNUnflfL3XA6WDs+dZn3ekHE4Y2uWLGig==

esbuild-netbsd-64@0.13.8:
  version "0.13.8"
  resolved "https://registry.yarnpkg.com/esbuild-netbsd-64/-/esbuild-netbsd-64-0.13.8.tgz#d7879e7123d3b2c04754ece8bd061aa6866deeff"
  integrity sha512-gZX4kP7gVvOrvX0ZwgHmbuHczQUwqYppxqtoyC7VNd80t5nBHOFXVhWo2Ad/Lms0E8b+wwgI/WjZFTCpUHOg9Q==

esbuild-node-loader@^0.4.2:
  version "0.4.2"
  resolved "https://registry.yarnpkg.com/esbuild-node-loader/-/esbuild-node-loader-0.4.2.tgz#ee8f3c0da187f593e0166ffaa0a1f2e1edf0fcd3"
  integrity sha512-3SieWnHgnhMKwn+qG2AjQq3Yf9RrgHeKGxGLauaLKfBTCpbm4nJbUt4CV3waHcRizILzlpZbESLkY9rnFHr6/w==
  dependencies:
    esbuild "^0.13.2"

esbuild-openbsd-64@0.13.8:
  version "0.13.8"
  resolved "https://registry.yarnpkg.com/esbuild-openbsd-64/-/esbuild-openbsd-64-0.13.8.tgz#88b280b6cb0a3f6adb60abf27fc506c506a35cf0"
  integrity sha512-afzza308X4WmcebexbTzAgfEWt9MUkdTvwIa8xOu4CM2qGbl2LanqEl8/LUs8jh6Gqw6WsicEK52GPrS9wvkcw==

esbuild-register@^3.0.0:
  version "3.0.0"
  resolved "https://registry.yarnpkg.com/esbuild-register/-/esbuild-register-3.0.0.tgz#874156f95cac7c1720d6d24cbd78c599bf35ac74"
  integrity sha512-No7U3ZUd6gPrrC6gqdb3XFcf2lNqzn8nvQXcgcyOl8szMVuN6YUvOplnmakxWyogI9d8SiJMl0uzBzJck+Aoxw==
  dependencies:
    jsonc-parser "^3.0.0"

esbuild-sunos-64@0.13.8:
  version "0.13.8"
  resolved "https://registry.yarnpkg.com/esbuild-sunos-64/-/esbuild-sunos-64-0.13.8.tgz#229ae7c7703196a58acd0f0291ad9bebda815d63"
  integrity sha512-mWPZibmBbuMKD+LDN23LGcOZ2EawMYBONMXXHmbuxeT0XxCNwadbCVwUQ/2p5Dp5Kvf6mhrlIffcnWOiCBpiVw==

esbuild-windows-32@0.13.8:
  version "0.13.8"
  resolved "https://registry.yarnpkg.com/esbuild-windows-32/-/esbuild-windows-32-0.13.8.tgz#892d093e32a21c0c9135e5a0ffdc380aeb70e763"
  integrity sha512-QsZ1HnWIcnIEApETZWw8HlOhDSWqdZX2SylU7IzGxOYyVcX7QI06ety/aDcn437mwyO7Ph4RrbhB+2ntM8kX8A==

esbuild-windows-64@0.13.8:
  version "0.13.8"
  resolved "https://registry.yarnpkg.com/esbuild-windows-64/-/esbuild-windows-64-0.13.8.tgz#7defd8d79ae3bb7e6f53b65a7190be7daf901686"
  integrity sha512-76Fb57B9eE/JmJi1QmUW0tRLQZfGo0it+JeYoCDTSlbTn7LV44ecOHIMJSSgZADUtRMWT9z0Kz186bnaB3amSg==

esbuild-windows-arm64@0.13.8:
  version "0.13.8"
  resolved "https://registry.yarnpkg.com/esbuild-windows-arm64/-/esbuild-windows-arm64-0.13.8.tgz#e59ae004496fd8a5ab67bfc7945a2e47480d6fb9"
  integrity sha512-HW6Mtq5eTudllxY2YgT62MrVcn7oq2o8TAoAvDUhyiEmRmDY8tPwAhb1vxw5/cdkbukM3KdMYtksnUhF/ekWeg==

esbuild@^0.13.2, esbuild@^0.13.3:
  version "0.13.8"
  resolved "https://registry.yarnpkg.com/esbuild/-/esbuild-0.13.8.tgz#bd7cc51b881ab067789f88e17baca74724c1ec4f"
  integrity sha512-A4af7G7YZLfG5OnARJRMtlpEsCkq/zHZQXewgPA864l9D6VjjbH1SuFYK/OSV6BtHwDGkdwyRrX0qQFLnMfUcw==
  optionalDependencies:
    esbuild-android-arm64 "0.13.8"
    esbuild-darwin-64 "0.13.8"
    esbuild-darwin-arm64 "0.13.8"
    esbuild-freebsd-64 "0.13.8"
    esbuild-freebsd-arm64 "0.13.8"
    esbuild-linux-32 "0.13.8"
    esbuild-linux-64 "0.13.8"
    esbuild-linux-arm "0.13.8"
    esbuild-linux-arm64 "0.13.8"
    esbuild-linux-mips64le "0.13.8"
    esbuild-linux-ppc64le "0.13.8"
    esbuild-netbsd-64 "0.13.8"
    esbuild-openbsd-64 "0.13.8"
    esbuild-sunos-64 "0.13.8"
    esbuild-windows-32 "0.13.8"
    esbuild-windows-64 "0.13.8"
    esbuild-windows-arm64 "0.13.8"

escalade@^3.1.1:
  version "3.1.1"
  resolved "https://registry.yarnpkg.com/escalade/-/escalade-3.1.1.tgz#d8cfdc7000965c5a0174b4a82eaa5c0552742e40"
  integrity sha512-k0er2gUkLf8O0zKJiAhmkTnJlTvINGv7ygDNPbeIsX/TJjGJZHuh9B2UxbsaEkmlEo9MfhrSzmhIlhRlI2GXnw==

esmo@^0.10.1:
  version "0.10.1"
  resolved "https://registry.yarnpkg.com/esmo/-/esmo-0.10.1.tgz#d4813861871e11e1806d3089e02bca978ff46206"
  integrity sha512-HvPfHu02E8BtW60qBy32TTmDy7IZq8sz+jmEiRUfey+BEqfHcP8bksM538VDfc5XKCOytm5KL4gGShzIfOr4sg==
  dependencies:
    cross-spawn "^7.0.3"
    esbuild "^0.13.3"
    esbuild-node-loader "^0.4.2"
    esbuild-register "^3.0.0"

get-caller-file@^2.0.5:
  version "2.0.5"
  resolved "https://registry.yarnpkg.com/get-caller-file/-/get-caller-file-2.0.5.tgz#4f94412a82db32f36e3b0b9741f8a97feb031f7e"
  integrity sha512-DyFP3BM/3YHTQOCUL/w0OZHR0lpKeGrxotcHWcqNEdnltqFwXVfhEBQ94eIo34AfQpo0rGki4cyIiftY06h2Fg==

is-fullwidth-code-point@^3.0.0:
  version "3.0.0"
  resolved "https://registry.yarnpkg.com/is-fullwidth-code-point/-/is-fullwidth-code-point-3.0.0.tgz#f116f8064fe90b3f7844a38997c0b75051269f1d"
  integrity sha512-zymm5+u+sCsSWyD9qNaejV3DFvhCKclKdizYaJUuHA83RLjb7nSuGnddCHGv0hk+KY7BMAlsWeK4Ueg6EV6XQg==

isexe@^2.0.0:
  version "2.0.0"
  resolved "https://registry.yarnpkg.com/isexe/-/isexe-2.0.0.tgz#e8fbf374dc556ff8947a10dcb0572d633f2cfa10"
  integrity sha1-6PvzdNxVb/iUehDcsFctYz8s+hA=

jsonc-parser@^3.0.0:
  version "3.0.0"
  resolved "https://registry.yarnpkg.com/jsonc-parser/-/jsonc-parser-3.0.0.tgz#abdd785701c7e7eaca8a9ec8cf070ca51a745a22"
  integrity sha512-fQzRfAbIBnR0IQvftw9FJveWiHp72Fg20giDrHz6TdfB12UH/uue0D3hm57UB5KgAVuniLMCaS8P1IMj9NR7cA==

path-key@^3.1.0:
  version "3.1.1"
  resolved "https://registry.yarnpkg.com/path-key/-/path-key-3.1.1.tgz#581f6ade658cbba65a0d3380de7753295054f375"
  integrity sha512-ojmeN0qd+y0jszEtoY48r0Peq5dwMEkIlCOu6Q5f41lfkswXuKtYrhgoTpLnyIcHm24Uhqx+5Tqm2InSwLhE6Q==

prettier@^2.4.1:
  version "2.4.1"
  resolved "https://registry.yarnpkg.com/prettier/-/prettier-2.4.1.tgz#671e11c89c14a4cfc876ce564106c4a6726c9f5c"
  integrity sha512-9fbDAXSBcc6Bs1mZrDYb3XKzDLm4EXXL9sC1LqKP5rZkT6KRr/rf9amVUcODVXgguK/isJz0d0hP72WeaKWsvA==

require-directory@^2.1.1:
  version "2.1.1"
  resolved "https://registry.yarnpkg.com/require-directory/-/require-directory-2.1.1.tgz#8c64ad5fd30dab1c976e2344ffe7f792a6a6df42"
  integrity sha1-jGStX9MNqxyXbiNE/+f3kqam30I=

shebang-command@^2.0.0:
  version "2.0.0"
  resolved "https://registry.yarnpkg.com/shebang-command/-/shebang-command-2.0.0.tgz#ccd0af4f8835fbdc265b82461aaf0c36663f34ea"
  integrity sha512-kHxr2zZpYtdmrN1qDjrrX/Z1rR1kG8Dx+gkpK1G4eXmvXswmcE1hTWBWYUzlraYw1/yZp6YuDY77YtvbN0dmDA==
  dependencies:
    shebang-regex "^3.0.0"

shebang-regex@^3.0.0:
  version "3.0.0"
  resolved "https://registry.yarnpkg.com/shebang-regex/-/shebang-regex-3.0.0.tgz#ae16f1644d873ecad843b0307b143362d4c42172"
  integrity sha512-7++dFhtcx3353uBaq8DDR4NuxBetBzC7ZQOhmTQInHEd6bSrXdiEyzCvG07Z44UYdLShWUyXt5M/yhz8ekcb1A==

"split-pages@link:../..":
  version "0.0.0"
  uid ""

string-width@^4.1.0, string-width@^4.2.0:
  version "4.2.3"
  resolved "https://registry.yarnpkg.com/string-width/-/string-width-4.2.3.tgz#269c7117d27b05ad2e536830a8ec895ef9c6d010"
  integrity sha512-wKyQRQpjJ0sIp62ErSZdGsjMJWsap5oRNihHhu6G7JVO/9jIB6UyevL+tXuOqrng8j/cxKTWyWUwvSTriiZz/g==
  dependencies:
    emoji-regex "^8.0.0"
    is-fullwidth-code-point "^3.0.0"
    strip-ansi "^6.0.1"

strip-ansi@^6.0.0, strip-ansi@^6.0.1:
  version "6.0.1"
  resolved "https://registry.yarnpkg.com/strip-ansi/-/strip-ansi-6.0.1.tgz#9e26c63d30f53443e9489495b2105d37b67a85d9"
  integrity sha512-Y38VPSHcqkFrCpFnQ9vuSXmquuv5oXOKpGeT6aGrr3o3Gc9AlVa6JBfUSOCnbxGGZF+/0ooI7KrPuUSztUdU5A==
  dependencies:
    ansi-regex "^5.0.1"

walkdir@^0.4.1:
  version "0.4.1"
  resolved "https://registry.yarnpkg.com/walkdir/-/walkdir-0.4.1.tgz#dc119f83f4421df52e3061e514228a2db20afa39"
  integrity sha512-3eBwRyEln6E1MSzcxcVpQIhRG8Q1jLvEqRmCZqS3dsfXEDR/AhOF4d+jHg1qvDCpYaVRZjENPQyrVxAkQqxPgQ==

which@^2.0.1:
  version "2.0.2"
  resolved "https://registry.yarnpkg.com/which/-/which-2.0.2.tgz#7c6a8dd0a636a0327e10b59c9286eee93f3f51b1"
  integrity sha512-BLI3Tl1TW3Pvl70l3yq3Y64i+awpwXqsGBYWkkqMtnbXgrMD+yj7rhW0kuEDxzJaYXGjEW5ogapKNMEKNMjibA==
  dependencies:
    isexe "^2.0.0"

wrap-ansi@^7.0.0:
  version "7.0.0"
  resolved "https://registry.yarnpkg.com/wrap-ansi/-/wrap-ansi-7.0.0.tgz#67e145cff510a6a6984bdf1152911d69d2eb9e43"
  integrity sha512-YVGIj2kamLSTxw6NsZjoBxfSwsn0ycdesmc4p+Q21c5zPuZ1pl+NfxVdxPtdHvmNVOQ6XSYG4AUtyt/Fi7D16Q==
  dependencies:
    ansi-styles "^4.0.0"
    string-width "^4.1.0"
    strip-ansi "^6.0.0"

y18n@^5.0.5:
  version "5.0.8"
  resolved "https://registry.yarnpkg.com/y18n/-/y18n-5.0.8.tgz#7f4934d0f7ca8c56f95314939ddcd2dd91ce1d55"
  integrity sha512-0pfFzegeDWJHJIAmTLRP2DwHjdF5s7jo9tuztdQxAhINCdvS+3nGINqPd00AphqJR/0LhANUS6/+7SCb98YOfA==

yargs-parser@^20.2.2:
  version "20.2.9"
  resolved "https://registry.yarnpkg.com/yargs-parser/-/yargs-parser-20.2.9.tgz#2eb7dc3b0289718fc295f362753845c41a0c94ee"
  integrity sha512-y11nGElTIV+CT3Zv9t7VKl+Q3hTQoT9a1Qzezhhl6Rp21gJ/IVTW7Z3y9EWXhuUBC2Shnf+DX0antecpAwSP8w==

yargs@^17.2.1:
  version "17.2.1"
  resolved "https://registry.yarnpkg.com/yargs/-/yargs-17.2.1.tgz#e2c95b9796a0e1f7f3bf4427863b42e0418191ea"
  integrity sha512-XfR8du6ua4K6uLGm5S6fA+FIJom/MdJcFNVY8geLlp2v8GYbOXD4EB1tPNZsRn4vBzKGMgb5DRZMeWuFc2GO8Q==
  dependencies:
    cliui "^7.0.2"
    escalade "^3.1.1"
    get-caller-file "^2.0.5"
    require-directory "^2.1.1"
    string-width "^4.2.0"
    y18n "^5.0.5"
    yargs-parser "^20.2.2"
